
Microsoft Visual Studio Solution File, Format Version 12.00
# Visual Studio Version 17
VisualStudioVersion = 17.0.31903.59
MinimumVisualStudioVersion = 10.0.40219.1
Project("{FAE04EC0-301F-11D3-BF4B-00C04F79EFBC}") = "ConsoleApp1", "Day 1\ConsoleApp1\ConsoleApp1.csproj", "{CFAA3E63-3FD1-488A-B3ED-138B9FF91610}"
EndProject
Project("{FAE04EC0-301F-11D3-BF4B-00C04F79EFBC}") = "array-iteration-selection", "MicrosoftCourse\array-iteration-selection\array-iteration-selection.csproj", "{C9C5A018-3F76-488C-AEB8-DCB5805FBD3D}"
EndProject
Project("{FAE04EC0-301F-11D3-BF4B-00C04F79EFBC}") = "foobar", "foobar\foobar.csproj", "{638BC88B-A13A-4DE3-A581-D882A6DA5BBD}"
EndProject
Project("{FAE04EC0-301F-11D3-BF4B-00C04F79EFBC}") = "TurnBasedConsoleGame", "Day 2\TurnBasedConsoleGame\TurnBasedConsoleGame.csproj", "{185DF7BB-3C0B-426D-9566-2F84BFE2E96C}"
EndProject
Project("{FAE04EC0-301F-11D3-BF4B-00C04F79EFBC}") = "RockPaperScissors", "Day 2\RockPaperScissors\RockPaperScissors.csproj", "{88B5DCCB-6D41-4D78-9637-A18D51CD66D1}"
EndProject
Project("{FAE04EC0-301F-11D3-BF4B-00C04F79EFBC}") = "NumberGuessingGame", "Day 3\NumberGuessingGame\NumberGuessingGame.csproj", "{172BF27E-71B7-4577-A3B5-76093631D44A}"
EndProject
Project("{2150E333-8FDC-42A3-9474-1A3956D46DE8}") = "Day 3", "Day 3", "{85F0B5E8-0692-4885-91FF-75D52CD47993}"
EndProject
Project("{FAE04EC0-301F-11D3-BF4B-00C04F79EFBC}") = "SimpleBankApp", "Day 3\SimpleBankApp\SimpleBankApp.csproj", "{1F9BDA6B-0D21-40BA-BA7A-F3820590473A}"
EndProject
Project("{FAE04EC0-301F-11D3-BF4B-00C04F79EFBC}") = "TurnBasedGameV2", "Day 3\TurnBasedGameV2\TurnBasedGameV2.csproj", "{C0B53B2A-612B-4668-8F15-8C103B9776FE}"
EndProject
Project("{2150E333-8FDC-42A3-9474-1A3956D46DE8}") = "Day 4", "Day 4", "{5B65C7BA-8AC1-4C61-8B5F-D7874EC3813C}"
EndProject
Project("{FAE04EC0-301F-11D3-BF4B-00C04F79EFBC}") = "JawaraJawa", "Day 4\JawaraJawa\JawaraJawa.csproj", "{D68589B5-DEA6-486E-B70D-E46ECABA3C7A}"
EndProject
Project("{FAE04EC0-301F-11D3-BF4B-00C04F79EFBC}") = "TicTacToe", "Day 4\TicTacToe\TicTacToe.csproj", "{CE474504-4EC4-4628-AB87-62317F9D2D6A}"
EndProject
Project("{2150E333-8FDC-42A3-9474-1A3956D46DE8}") = "Day 5", "Day 5", "{FFCAA2A0-A43B-4248-AC52-C183600E8E85}"
EndProject
Project("{FAE04EC0-301F-11D3-BF4B-00C04F79EFBC}") = "Delegates", "Day 5\Delegates\Delegates.csproj", "{368C799D-D666-4AC8-AADA-B970D3D90CFC}"
EndProject
Project("{FAE04EC0-301F-11D3-BF4B-00C04F79EFBC}") = "EventHandling", "Day 5\EventHandling\EventHandling.csproj", "{260E5999-BEF5-49ED-A016-37EAA92E7A6C}"
EndProject
Project("{FAE04EC0-301F-11D3-BF4B-00C04F79EFBC}") = "EventHandlingWithArgs", "Day 5\EventHandlingWithArgs\EventHandlingWithArgs.csproj", "{1FCB6BA8-5F88-4723-9595-8C1D73D47E58}"
EndProject
Project("{FAE04EC0-301F-11D3-BF4B-00C04F79EFBC}") = "BasicExceptionHandling", "Day 5\BasicExceptionHandling\BasicExceptionHandling.csproj", "{70888300-1A3C-4721-A903-F9D644B885DD}"
EndProject
Project("{FAE04EC0-301F-11D3-BF4B-00C04F79EFBC}") = "NullableValueTypes", "Day 5\NullableValueTypes\NullableValueTypes.csproj", "{30B5ACEF-3AB8-428B-8C33-A4B8FCD357BA}"
EndProject
Project("{FAE04EC0-301F-11D3-BF4B-00C04F79EFBC}") = "Enumerator", "Day 5\Enumerator\Enumerator.csproj", "{22916AE8-E7D2-4344-BDC9-ABB04D2A3E0C}"
EndProject
Project("{FAE04EC0-301F-11D3-BF4B-00C04F79EFBC}") = "Iterator", "Day 5\Iterator\Iterator.csproj", "{D750157A-20DF-464C-9CCD-CF9E55A6785C}"
EndProject
Global
	GlobalSection(SolutionConfigurationPlatforms) = preSolution
		Debug|Any CPU = Debug|Any CPU
		Release|Any CPU = Release|Any CPU
	EndGlobalSection
	GlobalSection(SolutionProperties) = preSolution
		HideSolutionNode = FALSE
	EndGlobalSection
	GlobalSection(ProjectConfigurationPlatforms) = postSolution
		{CFAA3E63-3FD1-488A-B3ED-138B9FF91610}.Debug|Any CPU.ActiveCfg = Debug|Any CPU
		{CFAA3E63-3FD1-488A-B3ED-138B9FF91610}.Debug|Any CPU.Build.0 = Debug|Any CPU
		{CFAA3E63-3FD1-488A-B3ED-138B9FF91610}.Release|Any CPU.ActiveCfg = Release|Any CPU
		{CFAA3E63-3FD1-488A-B3ED-138B9FF91610}.Release|Any CPU.Build.0 = Release|Any CPU
		{C9C5A018-3F76-488C-AEB8-DCB5805FBD3D}.Debug|Any CPU.ActiveCfg = Debug|Any CPU
		{C9C5A018-3F76-488C-AEB8-DCB5805FBD3D}.Debug|Any CPU.Build.0 = Debug|Any CPU
		{C9C5A018-3F76-488C-AEB8-DCB5805FBD3D}.Release|Any CPU.ActiveCfg = Release|Any CPU
		{C9C5A018-3F76-488C-AEB8-DCB5805FBD3D}.Release|Any CPU.Build.0 = Release|Any CPU
		{638BC88B-A13A-4DE3-A581-D882A6DA5BBD}.Debug|Any CPU.ActiveCfg = Debug|Any CPU
		{638BC88B-A13A-4DE3-A581-D882A6DA5BBD}.Debug|Any CPU.Build.0 = Debug|Any CPU
		{638BC88B-A13A-4DE3-A581-D882A6DA5BBD}.Release|Any CPU.ActiveCfg = Release|Any CPU
		{638BC88B-A13A-4DE3-A581-D882A6DA5BBD}.Release|Any CPU.Build.0 = Release|Any CPU
		{FA13A292-FFC2-4D17-A518-BD81D2853D7B}.Debug|Any CPU.ActiveCfg = Debug|Any CPU
		{FA13A292-FFC2-4D17-A518-BD81D2853D7B}.Debug|Any CPU.Build.0 = Debug|Any CPU
		{FA13A292-FFC2-4D17-A518-BD81D2853D7B}.Release|Any CPU.ActiveCfg = Release|Any CPU
		{FA13A292-FFC2-4D17-A518-BD81D2853D7B}.Release|Any CPU.Build.0 = Release|Any CPU
		{185DF7BB-3C0B-426D-9566-2F84BFE2E96C}.Debug|Any CPU.ActiveCfg = Debug|Any CPU
		{185DF7BB-3C0B-426D-9566-2F84BFE2E96C}.Debug|Any CPU.Build.0 = Debug|Any CPU
		{185DF7BB-3C0B-426D-9566-2F84BFE2E96C}.Release|Any CPU.ActiveCfg = Release|Any CPU
		{185DF7BB-3C0B-426D-9566-2F84BFE2E96C}.Release|Any CPU.Build.0 = Release|Any CPU
		{88B5DCCB-6D41-4D78-9637-A18D51CD66D1}.Debug|Any CPU.ActiveCfg = Debug|Any CPU
		{88B5DCCB-6D41-4D78-9637-A18D51CD66D1}.Debug|Any CPU.Build.0 = Debug|Any CPU
		{88B5DCCB-6D41-4D78-9637-A18D51CD66D1}.Release|Any CPU.ActiveCfg = Release|Any CPU
		{88B5DCCB-6D41-4D78-9637-A18D51CD66D1}.Release|Any CPU.Build.0 = Release|Any CPU
		{172BF27E-71B7-4577-A3B5-76093631D44A}.Debug|Any CPU.ActiveCfg = Debug|Any CPU
		{172BF27E-71B7-4577-A3B5-76093631D44A}.Debug|Any CPU.Build.0 = Debug|Any CPU
		{172BF27E-71B7-4577-A3B5-76093631D44A}.Release|Any CPU.ActiveCfg = Release|Any CPU
		{172BF27E-71B7-4577-A3B5-76093631D44A}.Release|Any CPU.Build.0 = Release|Any CPU
		{1F9BDA6B-0D21-40BA-BA7A-F3820590473A}.Debug|Any CPU.ActiveCfg = Debug|Any CPU
		{1F9BDA6B-0D21-40BA-BA7A-F3820590473A}.Debug|Any CPU.Build.0 = Debug|Any CPU
		{1F9BDA6B-0D21-40BA-BA7A-F3820590473A}.Release|Any CPU.ActiveCfg = Release|Any CPU
		{1F9BDA6B-0D21-40BA-BA7A-F3820590473A}.Release|Any CPU.Build.0 = Release|Any CPU
		{C0B53B2A-612B-4668-8F15-8C103B9776FE}.Debug|Any CPU.ActiveCfg = Debug|Any CPU
		{C0B53B2A-612B-4668-8F15-8C103B9776FE}.Debug|Any CPU.Build.0 = Debug|Any CPU
		{C0B53B2A-612B-4668-8F15-8C103B9776FE}.Release|Any CPU.ActiveCfg = Release|Any CPU
		{C0B53B2A-612B-4668-8F15-8C103B9776FE}.Release|Any CPU.Build.0 = Release|Any CPU
		{D68589B5-DEA6-486E-B70D-E46ECABA3C7A}.Debug|Any CPU.ActiveCfg = Debug|Any CPU
		{D68589B5-DEA6-486E-B70D-E46ECABA3C7A}.Debug|Any CPU.Build.0 = Debug|Any CPU
		{D68589B5-DEA6-486E-B70D-E46ECABA3C7A}.Release|Any CPU.ActiveCfg = Release|Any CPU
		{D68589B5-DEA6-486E-B70D-E46ECABA3C7A}.Release|Any CPU.Build.0 = Release|Any CPU
		{CE474504-4EC4-4628-AB87-62317F9D2D6A}.Debug|Any CPU.ActiveCfg = Debug|Any CPU
		{CE474504-4EC4-4628-AB87-62317F9D2D6A}.Debug|Any CPU.Build.0 = Debug|Any CPU
		{CE474504-4EC4-4628-AB87-62317F9D2D6A}.Release|Any CPU.ActiveCfg = Release|Any CPU
		{CE474504-4EC4-4628-AB87-62317F9D2D6A}.Release|Any CPU.Build.0 = Release|Any CPU
		{368C799D-D666-4AC8-AADA-B970D3D90CFC}.Debug|Any CPU.ActiveCfg = Debug|Any CPU
		{368C799D-D666-4AC8-AADA-B970D3D90CFC}.Debug|Any CPU.Build.0 = Debug|Any CPU
		{368C799D-D666-4AC8-AADA-B970D3D90CFC}.Release|Any CPU.ActiveCfg = Release|Any CPU
		{368C799D-D666-4AC8-AADA-B970D3D90CFC}.Release|Any CPU.Build.0 = Release|Any CPU
		{260E5999-BEF5-49ED-A016-37EAA92E7A6C}.Debug|Any CPU.ActiveCfg = Debug|Any CPU
		{260E5999-BEF5-49ED-A016-37EAA92E7A6C}.Debug|Any CPU.Build.0 = Debug|Any CPU
		{260E5999-BEF5-49ED-A016-37EAA92E7A6C}.Release|Any CPU.ActiveCfg = Release|Any CPU
		{260E5999-BEF5-49ED-A016-37EAA92E7A6C}.Release|Any CPU.Build.0 = Release|Any CPU
		{1FCB6BA8-5F88-4723-9595-8C1D73D47E58}.Debug|Any CPU.ActiveCfg = Debug|Any CPU
		{1FCB6BA8-5F88-4723-9595-8C1D73D47E58}.Debug|Any CPU.Build.0 = Debug|Any CPU
		{1FCB6BA8-5F88-4723-9595-8C1D73D47E58}.Release|Any CPU.ActiveCfg = Release|Any CPU
		{1FCB6BA8-5F88-4723-9595-8C1D73D47E58}.Release|Any CPU.Build.0 = Release|Any CPU
		{70888300-1A3C-4721-A903-F9D644B885DD}.Debug|Any CPU.ActiveCfg = Debug|Any CPU
		{70888300-1A3C-4721-A903-F9D644B885DD}.Debug|Any CPU.Build.0 = Debug|Any CPU
		{70888300-1A3C-4721-A903-F9D644B885DD}.Release|Any CPU.ActiveCfg = Release|Any CPU
		{70888300-1A3C-4721-A903-F9D644B885DD}.Release|Any CPU.Build.0 = Release|Any CPU
		{30B5ACEF-3AB8-428B-8C33-A4B8FCD357BA}.Debug|Any CPU.ActiveCfg = Debug|Any CPU
		{30B5ACEF-3AB8-428B-8C33-A4B8FCD357BA}.Debug|Any CPU.Build.0 = Debug|Any CPU
		{30B5ACEF-3AB8-428B-8C33-A4B8FCD357BA}.Release|Any CPU.ActiveCfg = Release|Any CPU
		{30B5ACEF-3AB8-428B-8C33-A4B8FCD357BA}.Release|Any CPU.Build.0 = Release|Any CPU
		{22916AE8-E7D2-4344-BDC9-ABB04D2A3E0C}.Debug|Any CPU.ActiveCfg = Debug|Any CPU
		{22916AE8-E7D2-4344-BDC9-ABB04D2A3E0C}.Debug|Any CPU.Build.0 = Debug|Any CPU
		{22916AE8-E7D2-4344-BDC9-ABB04D2A3E0C}.Release|Any CPU.ActiveCfg = Release|Any CPU
		{22916AE8-E7D2-4344-BDC9-ABB04D2A3E0C}.Release|Any CPU.Build.0 = Release|Any CPU
		{D750157A-20DF-464C-9CCD-CF9E55A6785C}.Debug|Any CPU.ActiveCfg = Debug|Any CPU
		{D750157A-20DF-464C-9CCD-CF9E55A6785C}.Debug|Any CPU.Build.0 = Debug|Any CPU
		{D750157A-20DF-464C-9CCD-CF9E55A6785C}.Release|Any CPU.ActiveCfg = Release|Any CPU
		{D750157A-20DF-464C-9CCD-CF9E55A6785C}.Release|Any CPU.Build.0 = Release|Any CPU
	EndGlobalSection
	GlobalSection(NestedProjects) = preSolution
		{1F9BDA6B-0D21-40BA-BA7A-F3820590473A} = {85F0B5E8-0692-4885-91FF-75D52CD47993}
		{C0B53B2A-612B-4668-8F15-8C103B9776FE} = {85F0B5E8-0692-4885-91FF-75D52CD47993}
		{D68589B5-DEA6-486E-B70D-E46ECABA3C7A} = {5B65C7BA-8AC1-4C61-8B5F-D7874EC3813C}
		{CE474504-4EC4-4628-AB87-62317F9D2D6A} = {5B65C7BA-8AC1-4C61-8B5F-D7874EC3813C}
		{368C799D-D666-4AC8-AADA-B970D3D90CFC} = {FFCAA2A0-A43B-4248-AC52-C183600E8E85}
		{260E5999-BEF5-49ED-A016-37EAA92E7A6C} = {FFCAA2A0-A43B-4248-AC52-C183600E8E85}
		{1FCB6BA8-5F88-4723-9595-8C1D73D47E58} = {FFCAA2A0-A43B-4248-AC52-C183600E8E85}
		{70888300-1A3C-4721-A903-F9D644B885DD} = {FFCAA2A0-A43B-4248-AC52-C183600E8E85}
		{30B5ACEF-3AB8-428B-8C33-A4B8FCD357BA} = {FFCAA2A0-A43B-4248-AC52-C183600E8E85}
		{22916AE8-E7D2-4344-BDC9-ABB04D2A3E0C} = {FFCAA2A0-A43B-4248-AC52-C183600E8E85}
		{D750157A-20DF-464C-9CCD-CF9E55A6785C} = {FFCAA2A0-A43B-4248-AC52-C183600E8E85}
	EndGlobalSection
EndGlobal
