
Microsoft Visual Studio Solution File, Format Version 12.00
# Visual Studio Version 17
VisualStudioVersion = 17.0.31903.59
MinimumVisualStudioVersion = 10.0.40219.1
Project("{FAE04EC0-301F-11D3-BF4B-00C04F79EFBC}") = "ConsoleApp1", "ConsoleApp1\ConsoleApp1.csproj", "{CFAA3E63-3FD1-488A-B3ED-138B9FF91610}"
EndProject
Project("{FAE04EC0-301F-11D3-BF4B-00C04F79EFBC}") = "array-iteration-selection", "array-iteration-selection\array-iteration-selection.csproj", "{C9C5A018-3F76-488C-AEB8-DCB5805FBD3D}"
EndProject
Project("{FAE04EC0-301F-11D3-BF4B-00C04F79EFBC}") = "foobar", "foobar\foobar.csproj", "{638BC88B-A13A-4DE3-A581-D882A6DA5BBD}"
EndProject
Project("{FAE04EC0-301F-11D3-BF4B-00C04F79EFBC}") = "CoinFlip", "CoinFlip\CoinFlip.csproj", "{FA13A292-FFC2-4D17-A518-BD81D2853D7B}"
EndProject
Global
	GlobalSection(SolutionConfigurationPlatforms) = preSolution
		Debug|Any CPU = Debug|Any CPU
		Release|Any CPU = Release|Any CPU
	EndGlobalSection
	GlobalSection(SolutionProperties) = preSolution
		HideSolutionNode = FALSE
	EndGlobalSection
	GlobalSection(ProjectConfigurationPlatforms) = postSolution
		{CFAA3E63-3FD1-488A-B3ED-138B9FF91610}.Debug|Any CPU.ActiveCfg = Debug|Any CPU
		{CFAA3E63-3FD1-488A-B3ED-138B9FF91610}.Debug|Any CPU.Build.0 = Debug|Any CPU
		{CFAA3E63-3FD1-488A-B3ED-138B9FF91610}.Release|Any CPU.ActiveCfg = Release|Any CPU
		{CFAA3E63-3FD1-488A-B3ED-138B9FF91610}.Release|Any CPU.Build.0 = Release|Any CPU
		{C9C5A018-3F76-488C-AEB8-DCB5805FBD3D}.Debug|Any CPU.ActiveCfg = Debug|Any CPU
		{C9C5A018-3F76-488C-AEB8-DCB5805FBD3D}.Debug|Any CPU.Build.0 = Debug|Any CPU
		{C9C5A018-3F76-488C-AEB8-DCB5805FBD3D}.Release|Any CPU.ActiveCfg = Release|Any CPU
		{C9C5A018-3F76-488C-AEB8-DCB5805FBD3D}.Release|Any CPU.Build.0 = Release|Any CPU
		{638BC88B-A13A-4DE3-A581-D882A6DA5BBD}.Debug|Any CPU.ActiveCfg = Debug|Any CPU
		{638BC88B-A13A-4DE3-A581-D882A6DA5BBD}.Debug|Any CPU.Build.0 = Debug|Any CPU
		{638BC88B-A13A-4DE3-A581-D882A6DA5BBD}.Release|Any CPU.ActiveCfg = Release|Any CPU
		{638BC88B-A13A-4DE3-A581-D882A6DA5BBD}.Release|Any CPU.Build.0 = Release|Any CPU
		{FA13A292-FFC2-4D17-A518-BD81D2853D7B}.Debug|Any CPU.ActiveCfg = Debug|Any CPU
		{FA13A292-FFC2-4D17-A518-BD81D2853D7B}.Debug|Any CPU.Build.0 = Debug|Any CPU
		{FA13A292-FFC2-4D17-A518-BD81D2853D7B}.Release|Any CPU.ActiveCfg = Release|Any CPU
		{FA13A292-FFC2-4D17-A518-BD81D2853D7B}.Release|Any CPU.Build.0 = Release|Any CPU
	EndGlobalSection
EndGlobal
