
Microsoft Visual Studio Solution File, Format Version 12.00
# Visual Studio Version 17
VisualStudioVersion = 17.0.31903.59
MinimumVisualStudioVersion = 10.0.40219.1
Project("{FAE04EC0-301F-11D3-BF4B-00C04F79EFBC}") = "ConsoleApp1", "Day 1\ConsoleApp1\ConsoleApp1.csproj", "{CFAA3E63-3FD1-488A-B3ED-138B9FF91610}"
EndProject
Project("{FAE04EC0-301F-11D3-BF4B-00C04F79EFBC}") = "array-iteration-selection", "MicrosoftCourse\array-iteration-selection\array-iteration-selection.csproj", "{C9C5A018-3F76-488C-AEB8-DCB5805FBD3D}"
EndProject
Project("{FAE04EC0-301F-11D3-BF4B-00C04F79EFBC}") = "foobar", "foobar\foobar.csproj", "{638BC88B-A13A-4DE3-A581-D882A6DA5BBD}"
EndProject
Project("{FAE04EC0-301F-11D3-BF4B-00C04F79EFBC}") = "TurnBasedConsoleGame", "Day 2\TurnBasedConsoleGame\TurnBasedConsoleGame.csproj", "{185DF7BB-3C0B-426D-9566-2F84BFE2E96C}"
EndProject
Project("{FAE04EC0-301F-11D3-BF4B-00C04F79EFBC}") = "RockPaperScissors", "Day 2\RockPaperScissors\RockPaperScissors.csproj", "{88B5DCCB-6D41-4D78-9637-A18D51CD66D1}"
EndProject
Project("{FAE04EC0-301F-11D3-BF4B-00C04F79EFBC}") = "NumberGuessingGame", "Day 3\NumberGuessingGame\NumberGuessingGame.csproj", "{172BF27E-71B7-4577-A3B5-76093631D44A}"
EndProject
Project("{2150E333-8FDC-42A3-9474-1A3956D46DE8}") = "Day 3", "Day 3", "{85F0B5E8-0692-4885-91FF-75D52CD47993}"
EndProject
Project("{FAE04EC0-301F-11D3-BF4B-00C04F79EFBC}") = "SimpleBankApp", "Day 3\SimpleBankApp\SimpleBankApp.csproj", "{1F9BDA6B-0D21-40BA-BA7A-F3820590473A}"
EndProject
Project("{FAE04EC0-301F-11D3-BF4B-00C04F79EFBC}") = "TurnBasedGameV2", "Day 3\TurnBasedGameV2\TurnBasedGameV2.csproj", "{C0B53B2A-612B-4668-8F15-8C103B9776FE}"
EndProject
Project("{2150E333-8FDC-42A3-9474-1A3956D46DE8}") = "Day 4", "Day 4", "{5B65C7BA-8AC1-4C61-8B5F-D7874EC3813C}"
EndProject
Project("{FAE04EC0-301F-11D3-BF4B-00C04F79EFBC}") = "JawaraJawa", "Day 4\JawaraJawa\JawaraJawa.csproj", "{D68589B5-DEA6-486E-B70D-E46ECABA3C7A}"
EndProject
Project("{FAE04EC0-301F-11D3-BF4B-00C04F79EFBC}") = "TicTacToe", "Day 4\TicTacToe\TicTacToe.csproj", "{CE474504-4EC4-4628-AB87-62317F9D2D6A}"
EndProject
Project("{2150E333-8FDC-42A3-9474-1A3956D46DE8}") = "Day 5", "Day 5", "{FFCAA2A0-A43B-4248-AC52-C183600E8E85}"
EndProject
Project("{FAE04EC0-301F-11D3-BF4B-00C04F79EFBC}") = "Delegates", "Day 5\Delegates\Delegates.csproj", "{368C799D-D666-4AC8-AADA-B970D3D90CFC}"
EndProject
Project("{FAE04EC0-301F-11D3-BF4B-00C04F79EFBC}") = "EventHandling", "Day 5\EventHandling\EventHandling.csproj", "{260E5999-BEF5-49ED-A016-37EAA92E7A6C}"
EndProject
Project("{FAE04EC0-301F-11D3-BF4B-00C04F79EFBC}") = "EventHandlingWithArgs", "Day 5\EventHandlingWithArgs\EventHandlingWithArgs.csproj", "{1FCB6BA8-5F88-4723-9595-8C1D73D47E58}"
EndProject
Project("{FAE04EC0-301F-11D3-BF4B-00C04F79EFBC}") = "BasicExceptionHandling", "Day 5\BasicExceptionHandling\BasicExceptionHandling.csproj", "{70888300-1A3C-4721-A903-F9D644B885DD}"
EndProject
Project("{FAE04EC0-301F-11D3-BF4B-00C04F79EFBC}") = "NullableValueTypes", "Day 5\NullableValueTypes\NullableValueTypes.csproj", "{30B5ACEF-3AB8-428B-8C33-A4B8FCD357BA}"
EndProject
Project("{FAE04EC0-301F-11D3-BF4B-00C04F79EFBC}") = "Enumerator", "Day 5\Enumerator\Enumerator.csproj", "{22916AE8-E7D2-4344-BDC9-ABB04D2A3E0C}"
EndProject
Project("{FAE04EC0-301F-11D3-BF4B-00C04F79EFBC}") = "Iterator", "Day 5\Iterator\Iterator.csproj", "{D750157A-20DF-464C-9CCD-CF9E55A6785C}"
EndProject
Project("{FAE04EC0-301F-11D3-BF4B-00C04F79EFBC}") = "logic 2 - foobarjazz", "logic 2 - foobarjazz\logic 2 - foobarjazz.csproj", "{28FD369D-4ACD-49B8-B9FC-F76518D6AB13}"
EndProject
Project("{2150E333-8FDC-42A3-9474-1A3956D46DE8}") = "Day 6", "Day 6", "{9F55F1C0-2036-462F-B6DB-0FFEC14E58D1}"
EndProject
Project("{2150E333-8FDC-42A3-9474-1A3956D46DE8}") = "Day 7", "Day 7", "{2502E475-7909-4D0B-8941-7F74A790CE5E}"
EndProject
Project("{FAE04EC0-301F-11D3-BF4B-00C04F79EFBC}") = "StringAndTextHandling", "Day 7\StringAndTextHandling\StringAndTextHandling.csproj", "{2AB11DC3-68A3-4CB9-AE27-79FB36F00D89}"
EndProject
Project("{FAE04EC0-301F-11D3-BF4B-00C04F79EFBC}") = "DateAndTimes", "Day 7\DateAndTimes\DateAndTimes.csproj", "{63503381-A603-40EB-A913-051E3E67D065}"
EndProject
Project("{FAE04EC0-301F-11D3-BF4B-00C04F79EFBC}") = "FormattingAndParsing", "Day 7\FormattingAndParsing\FormattingAndParsing.csproj", "{0AC1DD91-75D6-4793-ACDD-FC4A79863B1D}"
EndProject
Project("{FAE04EC0-301F-11D3-BF4B-00C04F79EFBC}") = "WorkingWithNumbers", "Day 7\WorkingWithNumbers\WorkingWithNumbers.csproj", "{1056CD11-F384-4451-B5BE-A1685A0C56E9}"
EndProject
Project("{FAE04EC0-301F-11D3-BF4B-00C04F79EFBC}") = "Enum", "Day 7\Enum\Enum.csproj", "{B1BCB806-3EB4-4A4A-B9B6-CEB5A0A5F25B}"
EndProject
Project("{FAE04EC0-301F-11D3-BF4B-00C04F79EFBC}") = "UtilityClasses", "Day 7\UtilityClasses\UtilityClasses.csproj", "{8C993F29-535C-4E59-8B19-414C00E86C35}"
EndProject
Project("{FAE04EC0-301F-11D3-BF4B-00C04F79EFBC}") = "ArrayClass", "Day 7\ArrayClass\ArrayClass.csproj", "{16C5B2ED-3EF0-4FF5-B8E5-1057069FA2B9}"
EndProject
Project("{FAE04EC0-301F-11D3-BF4B-00C04F79EFBC}") = "List", "Day 7\List\List.csproj", "{56282708-98FA-42B0-9220-AB8FFC7A32DA}"
EndProject
Project("{FAE04EC0-301F-11D3-BF4B-00C04F79EFBC}") = "Queue", "Day 7\Queue\Queue.csproj", "{1BB3F3BF-B17B-44DA-B078-2C7EC5CD7CB7}"
EndProject
Project("{FAE04EC0-301F-11D3-BF4B-00C04F79EFBC}") = "Stack]", "Day 7\Stack]\Stack].csproj", "{84CFA5BF-CC5D-4729-BA29-6661C834A9E0}"
EndProject
Project("{FAE04EC0-301F-11D3-BF4B-00C04F79EFBC}") = "Dictionary", "Day 7\Dictionary\Dictionary.csproj", "{14D6C6B3-7BC2-47C2-A31A-77D6ADD561E1}"
EndProject
Project("{2150E333-8FDC-42A3-9474-1A3956D46DE8}") = "Day 8", "Day 8", "{FABCB2FD-9F54-4391-8F0D-489757D97506}"
EndProject
Project("{FAE04EC0-301F-11D3-BF4B-00C04F79EFBC}") = "ClassicUno", "Day 8\ClassicUno\ClassicUno.csproj", "{7E1C8F87-930A-4591-ADF7-B4AD6AFB1DB2}"
EndProject
Project("{FAE04EC0-301F-11D3-BF4B-00C04F79EFBC}") = "Logic3", "Logic3\Logic3.csproj", "{4193F5EE-0B9A-423D-8078-F6581062E601}"
EndProject
Project("{FAE04EC0-301F-11D3-BF4B-00C04F79EFBC}") = "Checkers", "Checkers\Checkers.csproj", "{55B5501D-B5C4-4E15-A86D-59EE4A8D98C6}"
EndProject
Project("{FAE04EC0-301F-11D3-BF4B-00C04F79EFBC}") = "LearnSerilog", "LearnSerilog\LearnSerilog.csproj", "{0F566A75-C2FC-486D-AC9E-D4B6E4529FAB}"
EndProject
Project("{FAE04EC0-301F-11D3-BF4B-00C04F79EFBC}") = "LearnNuget", "LearnNuget\LearnNuget.csproj", "{428AE595-6626-46C8-A3D1-A05C5A6680DE}"
EndProject
Project("{FAE04EC0-301F-11D3-BF4B-00C04F79EFBC}") = "EmployeeAdminPortal", "EmployeeAdminPortal\EmployeeAdminPortal.csproj", "{8F81E68B-F444-4E41-8CDA-83F096A49B61}"
EndProject
Project("{FAE04EC0-301F-11D3-BF4B-00C04F79EFBC}") = "ProxyPattern", "ProxyPattern\ProxyPattern.csproj", "{6F2A26F6-E536-4483-AA2C-764CCAB249A8}"
EndProject
Global
	GlobalSection(SolutionConfigurationPlatforms) = preSolution
		Debug|Any CPU = Debug|Any CPU
		Release|Any CPU = Release|Any CPU
	EndGlobalSection
	GlobalSection(SolutionProperties) = preSolution
		HideSolutionNode = FALSE
	EndGlobalSection
	GlobalSection(ProjectConfigurationPlatforms) = postSolution
		{CFAA3E63-3FD1-488A-B3ED-138B9FF91610}.Debug|Any CPU.ActiveCfg = Debug|Any CPU
		{CFAA3E63-3FD1-488A-B3ED-138B9FF91610}.Debug|Any CPU.Build.0 = Debug|Any CPU
		{CFAA3E63-3FD1-488A-B3ED-138B9FF91610}.Release|Any CPU.ActiveCfg = Release|Any CPU
		{CFAA3E63-3FD1-488A-B3ED-138B9FF91610}.Release|Any CPU.Build.0 = Release|Any CPU
		{C9C5A018-3F76-488C-AEB8-DCB5805FBD3D}.Debug|Any CPU.ActiveCfg = Debug|Any CPU
		{C9C5A018-3F76-488C-AEB8-DCB5805FBD3D}.Debug|Any CPU.Build.0 = Debug|Any CPU
		{C9C5A018-3F76-488C-AEB8-DCB5805FBD3D}.Release|Any CPU.ActiveCfg = Release|Any CPU
		{C9C5A018-3F76-488C-AEB8-DCB5805FBD3D}.Release|Any CPU.Build.0 = Release|Any CPU
		{638BC88B-A13A-4DE3-A581-D882A6DA5BBD}.Debug|Any CPU.ActiveCfg = Debug|Any CPU
		{638BC88B-A13A-4DE3-A581-D882A6DA5BBD}.Debug|Any CPU.Build.0 = Debug|Any CPU
		{638BC88B-A13A-4DE3-A581-D882A6DA5BBD}.Release|Any CPU.ActiveCfg = Release|Any CPU
		{638BC88B-A13A-4DE3-A581-D882A6DA5BBD}.Release|Any CPU.Build.0 = Release|Any CPU
		{FA13A292-FFC2-4D17-A518-BD81D2853D7B}.Debug|Any CPU.ActiveCfg = Debug|Any CPU
		{FA13A292-FFC2-4D17-A518-BD81D2853D7B}.Debug|Any CPU.Build.0 = Debug|Any CPU
		{FA13A292-FFC2-4D17-A518-BD81D2853D7B}.Release|Any CPU.ActiveCfg = Release|Any CPU
		{FA13A292-FFC2-4D17-A518-BD81D2853D7B}.Release|Any CPU.Build.0 = Release|Any CPU
		{185DF7BB-3C0B-426D-9566-2F84BFE2E96C}.Debug|Any CPU.ActiveCfg = Debug|Any CPU
		{185DF7BB-3C0B-426D-9566-2F84BFE2E96C}.Debug|Any CPU.Build.0 = Debug|Any CPU
		{185DF7BB-3C0B-426D-9566-2F84BFE2E96C}.Release|Any CPU.ActiveCfg = Release|Any CPU
		{185DF7BB-3C0B-426D-9566-2F84BFE2E96C}.Release|Any CPU.Build.0 = Release|Any CPU
		{88B5DCCB-6D41-4D78-9637-A18D51CD66D1}.Debug|Any CPU.ActiveCfg = Debug|Any CPU
		{88B5DCCB-6D41-4D78-9637-A18D51CD66D1}.Debug|Any CPU.Build.0 = Debug|Any CPU
		{88B5DCCB-6D41-4D78-9637-A18D51CD66D1}.Release|Any CPU.ActiveCfg = Release|Any CPU
		{88B5DCCB-6D41-4D78-9637-A18D51CD66D1}.Release|Any CPU.Build.0 = Release|Any CPU
		{172BF27E-71B7-4577-A3B5-76093631D44A}.Debug|Any CPU.ActiveCfg = Debug|Any CPU
		{172BF27E-71B7-4577-A3B5-76093631D44A}.Debug|Any CPU.Build.0 = Debug|Any CPU
		{172BF27E-71B7-4577-A3B5-76093631D44A}.Release|Any CPU.ActiveCfg = Release|Any CPU
		{172BF27E-71B7-4577-A3B5-76093631D44A}.Release|Any CPU.Build.0 = Release|Any CPU
		{1F9BDA6B-0D21-40BA-BA7A-F3820590473A}.Debug|Any CPU.ActiveCfg = Debug|Any CPU
		{1F9BDA6B-0D21-40BA-BA7A-F3820590473A}.Debug|Any CPU.Build.0 = Debug|Any CPU
		{1F9BDA6B-0D21-40BA-BA7A-F3820590473A}.Release|Any CPU.ActiveCfg = Release|Any CPU
		{1F9BDA6B-0D21-40BA-BA7A-F3820590473A}.Release|Any CPU.Build.0 = Release|Any CPU
		{C0B53B2A-612B-4668-8F15-8C103B9776FE}.Debug|Any CPU.ActiveCfg = Debug|Any CPU
		{C0B53B2A-612B-4668-8F15-8C103B9776FE}.Debug|Any CPU.Build.0 = Debug|Any CPU
		{C0B53B2A-612B-4668-8F15-8C103B9776FE}.Release|Any CPU.ActiveCfg = Release|Any CPU
		{C0B53B2A-612B-4668-8F15-8C103B9776FE}.Release|Any CPU.Build.0 = Release|Any CPU
		{D68589B5-DEA6-486E-B70D-E46ECABA3C7A}.Debug|Any CPU.ActiveCfg = Debug|Any CPU
		{D68589B5-DEA6-486E-B70D-E46ECABA3C7A}.Debug|Any CPU.Build.0 = Debug|Any CPU
		{D68589B5-DEA6-486E-B70D-E46ECABA3C7A}.Release|Any CPU.ActiveCfg = Release|Any CPU
		{D68589B5-DEA6-486E-B70D-E46ECABA3C7A}.Release|Any CPU.Build.0 = Release|Any CPU
		{CE474504-4EC4-4628-AB87-62317F9D2D6A}.Debug|Any CPU.ActiveCfg = Debug|Any CPU
		{CE474504-4EC4-4628-AB87-62317F9D2D6A}.Debug|Any CPU.Build.0 = Debug|Any CPU
		{CE474504-4EC4-4628-AB87-62317F9D2D6A}.Release|Any CPU.ActiveCfg = Release|Any CPU
		{CE474504-4EC4-4628-AB87-62317F9D2D6A}.Release|Any CPU.Build.0 = Release|Any CPU
		{368C799D-D666-4AC8-AADA-B970D3D90CFC}.Debug|Any CPU.ActiveCfg = Debug|Any CPU
		{368C799D-D666-4AC8-AADA-B970D3D90CFC}.Debug|Any CPU.Build.0 = Debug|Any CPU
		{368C799D-D666-4AC8-AADA-B970D3D90CFC}.Release|Any CPU.ActiveCfg = Release|Any CPU
		{368C799D-D666-4AC8-AADA-B970D3D90CFC}.Release|Any CPU.Build.0 = Release|Any CPU
		{260E5999-BEF5-49ED-A016-37EAA92E7A6C}.Debug|Any CPU.ActiveCfg = Debug|Any CPU
		{260E5999-BEF5-49ED-A016-37EAA92E7A6C}.Debug|Any CPU.Build.0 = Debug|Any CPU
		{260E5999-BEF5-49ED-A016-37EAA92E7A6C}.Release|Any CPU.ActiveCfg = Release|Any CPU
		{260E5999-BEF5-49ED-A016-37EAA92E7A6C}.Release|Any CPU.Build.0 = Release|Any CPU
		{1FCB6BA8-5F88-4723-9595-8C1D73D47E58}.Debug|Any CPU.ActiveCfg = Debug|Any CPU
		{1FCB6BA8-5F88-4723-9595-8C1D73D47E58}.Debug|Any CPU.Build.0 = Debug|Any CPU
		{1FCB6BA8-5F88-4723-9595-8C1D73D47E58}.Release|Any CPU.ActiveCfg = Release|Any CPU
		{1FCB6BA8-5F88-4723-9595-8C1D73D47E58}.Release|Any CPU.Build.0 = Release|Any CPU
		{70888300-1A3C-4721-A903-F9D644B885DD}.Debug|Any CPU.ActiveCfg = Debug|Any CPU
		{70888300-1A3C-4721-A903-F9D644B885DD}.Debug|Any CPU.Build.0 = Debug|Any CPU
		{70888300-1A3C-4721-A903-F9D644B885DD}.Release|Any CPU.ActiveCfg = Release|Any CPU
		{70888300-1A3C-4721-A903-F9D644B885DD}.Release|Any CPU.Build.0 = Release|Any CPU
		{30B5ACEF-3AB8-428B-8C33-A4B8FCD357BA}.Debug|Any CPU.ActiveCfg = Debug|Any CPU
		{30B5ACEF-3AB8-428B-8C33-A4B8FCD357BA}.Debug|Any CPU.Build.0 = Debug|Any CPU
		{30B5ACEF-3AB8-428B-8C33-A4B8FCD357BA}.Release|Any CPU.ActiveCfg = Release|Any CPU
		{30B5ACEF-3AB8-428B-8C33-A4B8FCD357BA}.Release|Any CPU.Build.0 = Release|Any CPU
		{22916AE8-E7D2-4344-BDC9-ABB04D2A3E0C}.Debug|Any CPU.ActiveCfg = Debug|Any CPU
		{22916AE8-E7D2-4344-BDC9-ABB04D2A3E0C}.Debug|Any CPU.Build.0 = Debug|Any CPU
		{22916AE8-E7D2-4344-BDC9-ABB04D2A3E0C}.Release|Any CPU.ActiveCfg = Release|Any CPU
		{22916AE8-E7D2-4344-BDC9-ABB04D2A3E0C}.Release|Any CPU.Build.0 = Release|Any CPU
		{D750157A-20DF-464C-9CCD-CF9E55A6785C}.Debug|Any CPU.ActiveCfg = Debug|Any CPU
		{D750157A-20DF-464C-9CCD-CF9E55A6785C}.Debug|Any CPU.Build.0 = Debug|Any CPU
		{D750157A-20DF-464C-9CCD-CF9E55A6785C}.Release|Any CPU.ActiveCfg = Release|Any CPU
		{D750157A-20DF-464C-9CCD-CF9E55A6785C}.Release|Any CPU.Build.0 = Release|Any CPU
		{28FD369D-4ACD-49B8-B9FC-F76518D6AB13}.Debug|Any CPU.ActiveCfg = Debug|Any CPU
		{28FD369D-4ACD-49B8-B9FC-F76518D6AB13}.Debug|Any CPU.Build.0 = Debug|Any CPU
		{28FD369D-4ACD-49B8-B9FC-F76518D6AB13}.Release|Any CPU.ActiveCfg = Release|Any CPU
		{28FD369D-4ACD-49B8-B9FC-F76518D6AB13}.Release|Any CPU.Build.0 = Release|Any CPU
		{3EF53981-96D7-494E-8CA9-54307DA71F96}.Debug|Any CPU.ActiveCfg = Debug|Any CPU
		{3EF53981-96D7-494E-8CA9-54307DA71F96}.Debug|Any CPU.Build.0 = Debug|Any CPU
		{3EF53981-96D7-494E-8CA9-54307DA71F96}.Release|Any CPU.ActiveCfg = Release|Any CPU
		{3EF53981-96D7-494E-8CA9-54307DA71F96}.Release|Any CPU.Build.0 = Release|Any CPU
		{2AB11DC3-68A3-4CB9-AE27-79FB36F00D89}.Debug|Any CPU.ActiveCfg = Debug|Any CPU
		{2AB11DC3-68A3-4CB9-AE27-79FB36F00D89}.Debug|Any CPU.Build.0 = Debug|Any CPU
		{2AB11DC3-68A3-4CB9-AE27-79FB36F00D89}.Release|Any CPU.ActiveCfg = Release|Any CPU
		{2AB11DC3-68A3-4CB9-AE27-79FB36F00D89}.Release|Any CPU.Build.0 = Release|Any CPU
		{63503381-A603-40EB-A913-051E3E67D065}.Debug|Any CPU.ActiveCfg = Debug|Any CPU
		{63503381-A603-40EB-A913-051E3E67D065}.Debug|Any CPU.Build.0 = Debug|Any CPU
		{63503381-A603-40EB-A913-051E3E67D065}.Release|Any CPU.ActiveCfg = Release|Any CPU
		{63503381-A603-40EB-A913-051E3E67D065}.Release|Any CPU.Build.0 = Release|Any CPU
		{0AC1DD91-75D6-4793-ACDD-FC4A79863B1D}.Debug|Any CPU.ActiveCfg = Debug|Any CPU
		{0AC1DD91-75D6-4793-ACDD-FC4A79863B1D}.Debug|Any CPU.Build.0 = Debug|Any CPU
		{0AC1DD91-75D6-4793-ACDD-FC4A79863B1D}.Release|Any CPU.ActiveCfg = Release|Any CPU
		{0AC1DD91-75D6-4793-ACDD-FC4A79863B1D}.Release|Any CPU.Build.0 = Release|Any CPU
		{1056CD11-F384-4451-B5BE-A1685A0C56E9}.Debug|Any CPU.ActiveCfg = Debug|Any CPU
		{1056CD11-F384-4451-B5BE-A1685A0C56E9}.Debug|Any CPU.Build.0 = Debug|Any CPU
		{1056CD11-F384-4451-B5BE-A1685A0C56E9}.Release|Any CPU.ActiveCfg = Release|Any CPU
		{1056CD11-F384-4451-B5BE-A1685A0C56E9}.Release|Any CPU.Build.0 = Release|Any CPU
		{B1BCB806-3EB4-4A4A-B9B6-CEB5A0A5F25B}.Debug|Any CPU.ActiveCfg = Debug|Any CPU
		{B1BCB806-3EB4-4A4A-B9B6-CEB5A0A5F25B}.Debug|Any CPU.Build.0 = Debug|Any CPU
		{B1BCB806-3EB4-4A4A-B9B6-CEB5A0A5F25B}.Release|Any CPU.ActiveCfg = Release|Any CPU
		{B1BCB806-3EB4-4A4A-B9B6-CEB5A0A5F25B}.Release|Any CPU.Build.0 = Release|Any CPU
		{8C993F29-535C-4E59-8B19-414C00E86C35}.Debug|Any CPU.ActiveCfg = Debug|Any CPU
		{8C993F29-535C-4E59-8B19-414C00E86C35}.Debug|Any CPU.Build.0 = Debug|Any CPU
		{8C993F29-535C-4E59-8B19-414C00E86C35}.Release|Any CPU.ActiveCfg = Release|Any CPU
		{8C993F29-535C-4E59-8B19-414C00E86C35}.Release|Any CPU.Build.0 = Release|Any CPU
		{16C5B2ED-3EF0-4FF5-B8E5-1057069FA2B9}.Debug|Any CPU.ActiveCfg = Debug|Any CPU
		{16C5B2ED-3EF0-4FF5-B8E5-1057069FA2B9}.Debug|Any CPU.Build.0 = Debug|Any CPU
		{16C5B2ED-3EF0-4FF5-B8E5-1057069FA2B9}.Release|Any CPU.ActiveCfg = Release|Any CPU
		{16C5B2ED-3EF0-4FF5-B8E5-1057069FA2B9}.Release|Any CPU.Build.0 = Release|Any CPU
		{56282708-98FA-42B0-9220-AB8FFC7A32DA}.Debug|Any CPU.ActiveCfg = Debug|Any CPU
		{56282708-98FA-42B0-9220-AB8FFC7A32DA}.Debug|Any CPU.Build.0 = Debug|Any CPU
		{56282708-98FA-42B0-9220-AB8FFC7A32DA}.Release|Any CPU.ActiveCfg = Release|Any CPU
		{56282708-98FA-42B0-9220-AB8FFC7A32DA}.Release|Any CPU.Build.0 = Release|Any CPU
		{1BB3F3BF-B17B-44DA-B078-2C7EC5CD7CB7}.Debug|Any CPU.ActiveCfg = Debug|Any CPU
		{1BB3F3BF-B17B-44DA-B078-2C7EC5CD7CB7}.Debug|Any CPU.Build.0 = Debug|Any CPU
		{1BB3F3BF-B17B-44DA-B078-2C7EC5CD7CB7}.Release|Any CPU.ActiveCfg = Release|Any CPU
		{1BB3F3BF-B17B-44DA-B078-2C7EC5CD7CB7}.Release|Any CPU.Build.0 = Release|Any CPU
		{84CFA5BF-CC5D-4729-BA29-6661C834A9E0}.Debug|Any CPU.ActiveCfg = Debug|Any CPU
		{84CFA5BF-CC5D-4729-BA29-6661C834A9E0}.Debug|Any CPU.Build.0 = Debug|Any CPU
		{84CFA5BF-CC5D-4729-BA29-6661C834A9E0}.Release|Any CPU.ActiveCfg = Release|Any CPU
		{84CFA5BF-CC5D-4729-BA29-6661C834A9E0}.Release|Any CPU.Build.0 = Release|Any CPU
		{14D6C6B3-7BC2-47C2-A31A-77D6ADD561E1}.Debug|Any CPU.ActiveCfg = Debug|Any CPU
		{14D6C6B3-7BC2-47C2-A31A-77D6ADD561E1}.Debug|Any CPU.Build.0 = Debug|Any CPU
		{14D6C6B3-7BC2-47C2-A31A-77D6ADD561E1}.Release|Any CPU.ActiveCfg = Release|Any CPU
		{14D6C6B3-7BC2-47C2-A31A-77D6ADD561E1}.Release|Any CPU.Build.0 = Release|Any CPU
		{7E1C8F87-930A-4591-ADF7-B4AD6AFB1DB2}.Debug|Any CPU.ActiveCfg = Debug|Any CPU
		{7E1C8F87-930A-4591-ADF7-B4AD6AFB1DB2}.Debug|Any CPU.Build.0 = Debug|Any CPU
		{7E1C8F87-930A-4591-ADF7-B4AD6AFB1DB2}.Release|Any CPU.ActiveCfg = Release|Any CPU
		{7E1C8F87-930A-4591-ADF7-B4AD6AFB1DB2}.Release|Any CPU.Build.0 = Release|Any CPU
		{4193F5EE-0B9A-423D-8078-F6581062E601}.Debug|Any CPU.ActiveCfg = Debug|Any CPU
		{4193F5EE-0B9A-423D-8078-F6581062E601}.Debug|Any CPU.Build.0 = Debug|Any CPU
		{4193F5EE-0B9A-423D-8078-F6581062E601}.Release|Any CPU.ActiveCfg = Release|Any CPU
		{4193F5EE-0B9A-423D-8078-F6581062E601}.Release|Any CPU.Build.0 = Release|Any CPU
		{55B5501D-B5C4-4E15-A86D-59EE4A8D98C6}.Debug|Any CPU.ActiveCfg = Debug|Any CPU
		{55B5501D-B5C4-4E15-A86D-59EE4A8D98C6}.Debug|Any CPU.Build.0 = Debug|Any CPU
		{55B5501D-B5C4-4E15-A86D-59EE4A8D98C6}.Release|Any CPU.ActiveCfg = Release|Any CPU
		{55B5501D-B5C4-4E15-A86D-59EE4A8D98C6}.Release|Any CPU.Build.0 = Release|Any CPU
		{0F566A75-C2FC-486D-AC9E-D4B6E4529FAB}.Debug|Any CPU.ActiveCfg = Debug|Any CPU
		{0F566A75-C2FC-486D-AC9E-D4B6E4529FAB}.Debug|Any CPU.Build.0 = Debug|Any CPU
		{0F566A75-C2FC-486D-AC9E-D4B6E4529FAB}.Release|Any CPU.ActiveCfg = Release|Any CPU
		{0F566A75-C2FC-486D-AC9E-D4B6E4529FAB}.Release|Any CPU.Build.0 = Release|Any CPU
		{428AE595-6626-46C8-A3D1-A05C5A6680DE}.Debug|Any CPU.ActiveCfg = Debug|Any CPU
		{428AE595-6626-46C8-A3D1-A05C5A6680DE}.Debug|Any CPU.Build.0 = Debug|Any CPU
		{428AE595-6626-46C8-A3D1-A05C5A6680DE}.Release|Any CPU.ActiveCfg = Release|Any CPU
		{428AE595-6626-46C8-A3D1-A05C5A6680DE}.Release|Any CPU.Build.0 = Release|Any CPU
		{8F81E68B-F444-4E41-8CDA-83F096A49B61}.Debug|Any CPU.ActiveCfg = Debug|Any CPU
		{8F81E68B-F444-4E41-8CDA-83F096A49B61}.Debug|Any CPU.Build.0 = Debug|Any CPU
		{8F81E68B-F444-4E41-8CDA-83F096A49B61}.Release|Any CPU.ActiveCfg = Release|Any CPU
		{8F81E68B-F444-4E41-8CDA-83F096A49B61}.Release|Any CPU.Build.0 = Release|Any CPU
		{6F2A26F6-E536-4483-AA2C-764CCAB249A8}.Debug|Any CPU.ActiveCfg = Debug|Any CPU
		{6F2A26F6-E536-4483-AA2C-764CCAB249A8}.Debug|Any CPU.Build.0 = Debug|Any CPU
		{6F2A26F6-E536-4483-AA2C-764CCAB249A8}.Release|Any CPU.ActiveCfg = Release|Any CPU
		{6F2A26F6-E536-4483-AA2C-764CCAB249A8}.Release|Any CPU.Build.0 = Release|Any CPU
	EndGlobalSection
	GlobalSection(NestedProjects) = preSolution
		{1F9BDA6B-0D21-40BA-BA7A-F3820590473A} = {85F0B5E8-0692-4885-91FF-75D52CD47993}
		{C0B53B2A-612B-4668-8F15-8C103B9776FE} = {85F0B5E8-0692-4885-91FF-75D52CD47993}
		{D68589B5-DEA6-486E-B70D-E46ECABA3C7A} = {5B65C7BA-8AC1-4C61-8B5F-D7874EC3813C}
		{CE474504-4EC4-4628-AB87-62317F9D2D6A} = {5B65C7BA-8AC1-4C61-8B5F-D7874EC3813C}
		{368C799D-D666-4AC8-AADA-B970D3D90CFC} = {FFCAA2A0-A43B-4248-AC52-C183600E8E85}
		{260E5999-BEF5-49ED-A016-37EAA92E7A6C} = {FFCAA2A0-A43B-4248-AC52-C183600E8E85}
		{1FCB6BA8-5F88-4723-9595-8C1D73D47E58} = {FFCAA2A0-A43B-4248-AC52-C183600E8E85}
		{70888300-1A3C-4721-A903-F9D644B885DD} = {FFCAA2A0-A43B-4248-AC52-C183600E8E85}
		{30B5ACEF-3AB8-428B-8C33-A4B8FCD357BA} = {FFCAA2A0-A43B-4248-AC52-C183600E8E85}
		{22916AE8-E7D2-4344-BDC9-ABB04D2A3E0C} = {FFCAA2A0-A43B-4248-AC52-C183600E8E85}
		{D750157A-20DF-464C-9CCD-CF9E55A6785C} = {FFCAA2A0-A43B-4248-AC52-C183600E8E85}
		{2AB11DC3-68A3-4CB9-AE27-79FB36F00D89} = {2502E475-7909-4D0B-8941-7F74A790CE5E}
		{63503381-A603-40EB-A913-051E3E67D065} = {2502E475-7909-4D0B-8941-7F74A790CE5E}
		{0AC1DD91-75D6-4793-ACDD-FC4A79863B1D} = {2502E475-7909-4D0B-8941-7F74A790CE5E}
		{1056CD11-F384-4451-B5BE-A1685A0C56E9} = {2502E475-7909-4D0B-8941-7F74A790CE5E}
		{B1BCB806-3EB4-4A4A-B9B6-CEB5A0A5F25B} = {2502E475-7909-4D0B-8941-7F74A790CE5E}
		{8C993F29-535C-4E59-8B19-414C00E86C35} = {2502E475-7909-4D0B-8941-7F74A790CE5E}
		{16C5B2ED-3EF0-4FF5-B8E5-1057069FA2B9} = {2502E475-7909-4D0B-8941-7F74A790CE5E}
		{56282708-98FA-42B0-9220-AB8FFC7A32DA} = {2502E475-7909-4D0B-8941-7F74A790CE5E}
		{1BB3F3BF-B17B-44DA-B078-2C7EC5CD7CB7} = {2502E475-7909-4D0B-8941-7F74A790CE5E}
		{84CFA5BF-CC5D-4729-BA29-6661C834A9E0} = {2502E475-7909-4D0B-8941-7F74A790CE5E}
		{14D6C6B3-7BC2-47C2-A31A-77D6ADD561E1} = {2502E475-7909-4D0B-8941-7F74A790CE5E}
		{7E1C8F87-930A-4591-ADF7-B4AD6AFB1DB2} = {FABCB2FD-9F54-4391-8F0D-489757D97506}
	EndGlobalSection
EndGlobal
