Microsoft Visual Studio Solution File, Format Version 12.00
# Visual Studio Version 17
VisualStudioVersion = 17.5.2.0
MinimumVisualStudioVersion = 10.0.40219.1
Project("{FAE04EC0-301F-11D3-BF4B-00C04F79EFBC}") = "foobar", "foobar.csproj", "{65F9EE8E-C9B3-D1DD-6F49-F8F63A60EFA9}"
EndProject
Global
	GlobalSection(SolutionConfigurationPlatforms) = preSolution
		Debug|Any CPU = Debug|Any CPU
		Release|Any CPU = Release|Any CPU
	EndGlobalSection
	GlobalSection(ProjectConfigurationPlatforms) = postSolution
		{65F9EE8E-C9B3-D1DD-6F49-F8F63A60EFA9}.Debug|Any CPU.ActiveCfg = Debug|Any CPU
		{65F9EE8E-C9B3-D1DD-6F49-F8F63A60EFA9}.Debug|Any CPU.Build.0 = Debug|Any CPU
		{65F9EE8E-C9B3-D1DD-6F49-F8F63A60EFA9}.Release|Any CPU.ActiveCfg = Release|Any CPU
		{65F9EE8E-C9B3-D1DD-6F49-F8F63A60EFA9}.Release|Any CPU.Build.0 = Release|Any CPU
	EndGlobalSection
	GlobalSection(SolutionProperties) = preSolution
		HideSolutionNode = FALSE
	EndGlobalSection
	GlobalSection(ExtensibilityGlobals) = postSolution
		SolutionGuid = {1AB31C84-D78F-4214-BC1E-FB528E07B8E6}
	EndGlobalSection
EndGlobal
